// !$*UTF8*$!
{
	archiveVersion = 1;
	classes = {
	};
	objectVersion = 55;
	objects = {

/* Begin PBXBuildFile section */
		2C8C1E5927A0A83B00E79CBA /* Contacts.swift in Sources */ = {isa = PBXBuildFile; fileRef = 2C8C1E5827A0A83B00E79CBA /* Contacts.swift */; };
		2C8C1E5B27A0A8F700E79CBA /* String+Digits.swift in Sources */ = {isa = PBXBuildFile; fileRef = 2C8C1E5A27A0A8F700E79CBA /* String+Digits.swift */; };
		2C8C1E5D27A0A9A100E79CBA /* AddFriends.swift in Sources */ = {isa = PBXBuildFile; fileRef = 2C8C1E5C27A0A9A100E79CBA /* AddFriends.swift */; };
		2C8C1E5F27A0A9EB00E79CBA /* ContactsViewModel.swift in Sources */ = {isa = PBXBuildFile; fileRef = 2C8C1E5E27A0A9EB00E79CBA /* ContactsViewModel.swift */; };
		2C8C1E6127A0B68C00E79CBA /* SwiftUI+HexColors.swift in Sources */ = {isa = PBXBuildFile; fileRef = 2C8C1E6027A0B68C00E79CBA /* SwiftUI+HexColors.swift */; };
		9248F44994E6D84491AFB164 /* Pods_FriendSurroundApp.framework in Frameworks */ = {isa = PBXBuildFile; fileRef = CE33E5A7373912CED04ED9E5 /* Pods_FriendSurroundApp.framework */; };
		E33334EF27974B3F008C3D9A /* showTermsAndPrivacyPolicyView.swift in Sources */ = {isa = PBXBuildFile; fileRef = E33334EE27974B3F008C3D9A /* showTermsAndPrivacyPolicyView.swift */; };
		E33334F3279764A7008C3D9A /* InviteFriendView.swift in Sources */ = {isa = PBXBuildFile; fileRef = E33334F2279764A7008C3D9A /* InviteFriendView.swift */; };
		E33334F5279775F7008C3D9A /* MyAccountView.swift in Sources */ = {isa = PBXBuildFile; fileRef = E33334F4279775F6008C3D9A /* MyAccountView.swift */; };
		E33CD12B278D36D700D6420A /* User.swift in Sources */ = {isa = PBXBuildFile; fileRef = E33CD12A278D36D600D6420A /* User.swift */; };
		E33CD12D278D37B000D6420A /* FriendList.swift in Sources */ = {isa = PBXBuildFile; fileRef = E33CD12C278D37B000D6420A /* FriendList.swift */; };
		E33CD131278D398E00D6420A /* FriendViewModel.swift in Sources */ = {isa = PBXBuildFile; fileRef = E33CD130278D398E00D6420A /* FriendViewModel.swift */; };
		E33CD135278D3AF800D6420A /* FriendListView.swift in Sources */ = {isa = PBXBuildFile; fileRef = E33CD134278D3AF800D6420A /* FriendListView.swift */; };
		E348EB4927866774009CA251 /* FriendSurroundAppApp.swift in Sources */ = {isa = PBXBuildFile; fileRef = E348EB4827866774009CA251 /* FriendSurroundAppApp.swift */; };
		E348EB4B27866774009CA251 /* LoginView.swift in Sources */ = {isa = PBXBuildFile; fileRef = E348EB4A27866774009CA251 /* LoginView.swift */; };
		E348EB4D27866779009CA251 /* Assets.xcassets in Resources */ = {isa = PBXBuildFile; fileRef = E348EB4C27866779009CA251 /* Assets.xcassets */; };
		E348EB5027866779009CA251 /* Preview Assets.xcassets in Resources */ = {isa = PBXBuildFile; fileRef = E348EB4F27866779009CA251 /* Preview Assets.xcassets */; };
		E358A9FD27A9BA65006C6184 /* notification.swift in Sources */ = {isa = PBXBuildFile; fileRef = E358A9FC27A9BA65006C6184 /* notification.swift */; };
		E358A9FF27A9E6D8006C6184 /* ImagePicker.swift in Sources */ = {isa = PBXBuildFile; fileRef = E358A9FE27A9E6D8006C6184 /* ImagePicker.swift */; };
		E39C8F9B278D53D000073C6B /* amongUsPink.png in Resources */ = {isa = PBXBuildFile; fileRef = E39C8F9A278D53D000073C6B /* amongUsPink.png */; };
		E39C8F9D278D554F00073C6B /* FriendDetailView.swift in Sources */ = {isa = PBXBuildFile; fileRef = E39C8F9C278D554E00073C6B /* FriendDetailView.swift */; };
		E39C8F9F278D593C00073C6B /* EditableText.swift in Sources */ = {isa = PBXBuildFile; fileRef = E39C8F9E278D593C00073C6B /* EditableText.swift */; };
		E3CE77BB2790EAA100EEFA6E /* WhoIsCloseView.swift in Sources */ = {isa = PBXBuildFile; fileRef = E3CE77BA2790EAA100EEFA6E /* WhoIsCloseView.swift */; };
		E3CE77BD2790EBBD00EEFA6E /* MenuView.swift in Sources */ = {isa = PBXBuildFile; fileRef = E3CE77BC2790EBBD00EEFA6E /* MenuView.swift */; };
		E3CE77C22790FEFC00EEFA6E /* SetUpPhoneNumberView.swift in Sources */ = {isa = PBXBuildFile; fileRef = E3CE77C12790FEFC00EEFA6E /* SetUpPhoneNumberView.swift */; };
		E3CE77C52791009600EEFA6E /* iPhoneNumberField in Frameworks */ = {isa = PBXBuildFile; productRef = E3CE77C42791009600EEFA6E /* iPhoneNumberField */; };
		E3CE77C72791038A00EEFA6E /* PhoneVerificationView.swift in Sources */ = {isa = PBXBuildFile; fileRef = E3CE77C62791038A00EEFA6E /* PhoneVerificationView.swift */; };
		E3CE77CA2791110F00EEFA6E /* SetUpNameView.swift in Sources */ = {isa = PBXBuildFile; fileRef = E3CE77C92791110F00EEFA6E /* SetUpNameView.swift */; };
		E3D56C2B27B2EB29005213B6 /* SwiftUI+HexColors.swift in Sources */ = {isa = PBXBuildFile; fileRef = E3D56C2A27B2EB29005213B6 /* SwiftUI+HexColors.swift */; };
		E3D56C2D27B2EB38005213B6 /* String+Digits.swift in Sources */ = {isa = PBXBuildFile; fileRef = E3D56C2C27B2EB38005213B6 /* String+Digits.swift */; };
		E3D56C2F27B2EC09005213B6 /* Contacts.swift in Sources */ = {isa = PBXBuildFile; fileRef = E3D56C2E27B2EC09005213B6 /* Contacts.swift */; };
		E3D56C3127B2EC1A005213B6 /* ContactsViewModel.swift in Sources */ = {isa = PBXBuildFile; fileRef = E3D56C3027B2EC1A005213B6 /* ContactsViewModel.swift */; };
		E3D56C3327B2EC25005213B6 /* AddFriends.swift in Sources */ = {isa = PBXBuildFile; fileRef = E3D56C3227B2EC25005213B6 /* AddFriends.swift */; };
/* End PBXBuildFile section */

/* Begin PBXFileReference section */
		1AE6B08A210C443E66C7A678 /* Pods-FriendSurroundApp.release.xcconfig */ = {isa = PBXFileReference; includeInIndex = 1; lastKnownFileType = text.xcconfig; name = "Pods-FriendSurroundApp.release.xcconfig"; path = "Target Support Files/Pods-FriendSurroundApp/Pods-FriendSurroundApp.release.xcconfig"; sourceTree = "<group>"; };
		2C8C1E5827A0A83B00E79CBA /* Contacts.swift */ = {isa = PBXFileReference; lastKnownFileType = sourcecode.swift; path = Contacts.swift; sourceTree = "<group>"; };
		2C8C1E5A27A0A8F700E79CBA /* String+Digits.swift */ = {isa = PBXFileReference; lastKnownFileType = sourcecode.swift; path = "String+Digits.swift"; sourceTree = "<group>"; };
		2C8C1E5C27A0A9A100E79CBA /* AddFriends.swift */ = {isa = PBXFileReference; lastKnownFileType = sourcecode.swift; path = AddFriends.swift; sourceTree = "<group>"; };
		2C8C1E5E27A0A9EB00E79CBA /* ContactsViewModel.swift */ = {isa = PBXFileReference; lastKnownFileType = sourcecode.swift; path = ContactsViewModel.swift; sourceTree = "<group>"; };
		2C8C1E6027A0B68C00E79CBA /* SwiftUI+HexColors.swift */ = {isa = PBXFileReference; lastKnownFileType = sourcecode.swift; path = "SwiftUI+HexColors.swift"; sourceTree = "<group>"; };
		35F07D51C062DE78A10DC82D /* Pods-FriendSurroundApp.debug.xcconfig */ = {isa = PBXFileReference; includeInIndex = 1; lastKnownFileType = text.xcconfig; name = "Pods-FriendSurroundApp.debug.xcconfig"; path = "Target Support Files/Pods-FriendSurroundApp/Pods-FriendSurroundApp.debug.xcconfig"; sourceTree = "<group>"; };
		CE33E5A7373912CED04ED9E5 /* Pods_FriendSurroundApp.framework */ = {isa = PBXFileReference; explicitFileType = wrapper.framework; includeInIndex = 0; path = Pods_FriendSurroundApp.framework; sourceTree = BUILT_PRODUCTS_DIR; };
		E33334EE27974B3F008C3D9A /* showTermsAndPrivacyPolicyView.swift */ = {isa = PBXFileReference; lastKnownFileType = sourcecode.swift; path = showTermsAndPrivacyPolicyView.swift; sourceTree = "<group>"; };
		E33334F2279764A7008C3D9A /* InviteFriendView.swift */ = {isa = PBXFileReference; lastKnownFileType = sourcecode.swift; path = InviteFriendView.swift; sourceTree = "<group>"; };
		E33334F4279775F6008C3D9A /* MyAccountView.swift */ = {isa = PBXFileReference; lastKnownFileType = sourcecode.swift; path = MyAccountView.swift; sourceTree = "<group>"; };
		E33CD12A278D36D600D6420A /* User.swift */ = {isa = PBXFileReference; lastKnownFileType = sourcecode.swift; path = User.swift; sourceTree = "<group>"; };
		E33CD12C278D37B000D6420A /* FriendList.swift */ = {isa = PBXFileReference; lastKnownFileType = sourcecode.swift; path = FriendList.swift; sourceTree = "<group>"; };
		E33CD130278D398E00D6420A /* FriendViewModel.swift */ = {isa = PBXFileReference; lastKnownFileType = sourcecode.swift; path = FriendViewModel.swift; sourceTree = "<group>"; };
		E33CD134278D3AF800D6420A /* FriendListView.swift */ = {isa = PBXFileReference; lastKnownFileType = sourcecode.swift; path = FriendListView.swift; sourceTree = "<group>"; };
		E348EB4527866774009CA251 /* FriendSurroundApp.app */ = {isa = PBXFileReference; explicitFileType = wrapper.application; includeInIndex = 0; path = FriendSurroundApp.app; sourceTree = BUILT_PRODUCTS_DIR; };
		E348EB4827866774009CA251 /* FriendSurroundAppApp.swift */ = {isa = PBXFileReference; lastKnownFileType = sourcecode.swift; path = FriendSurroundAppApp.swift; sourceTree = "<group>"; };
		E348EB4A27866774009CA251 /* LoginView.swift */ = {isa = PBXFileReference; lastKnownFileType = sourcecode.swift; path = LoginView.swift; sourceTree = "<group>"; };
		E348EB4C27866779009CA251 /* Assets.xcassets */ = {isa = PBXFileReference; lastKnownFileType = folder.assetcatalog; path = Assets.xcassets; sourceTree = "<group>"; };
		E348EB4F27866779009CA251 /* Preview Assets.xcassets */ = {isa = PBXFileReference; lastKnownFileType = folder.assetcatalog; path = "Preview Assets.xcassets"; sourceTree = "<group>"; };
		E358A9FC27A9BA65006C6184 /* notification.swift */ = {isa = PBXFileReference; lastKnownFileType = sourcecode.swift; path = notification.swift; sourceTree = "<group>"; };
		E358A9FE27A9E6D8006C6184 /* ImagePicker.swift */ = {isa = PBXFileReference; lastKnownFileType = sourcecode.swift; path = ImagePicker.swift; sourceTree = "<group>"; };
		E39C8F9A278D53D000073C6B /* amongUsPink.png */ = {isa = PBXFileReference; lastKnownFileType = image.png; path = amongUsPink.png; sourceTree = "<group>"; };
		E39C8F9C278D554E00073C6B /* FriendDetailView.swift */ = {isa = PBXFileReference; lastKnownFileType = sourcecode.swift; path = FriendDetailView.swift; sourceTree = "<group>"; };
		E39C8F9E278D593C00073C6B /* EditableText.swift */ = {isa = PBXFileReference; lastKnownFileType = sourcecode.swift; path = EditableText.swift; sourceTree = "<group>"; };
		E3CE77BA2790EAA100EEFA6E /* WhoIsCloseView.swift */ = {isa = PBXFileReference; lastKnownFileType = sourcecode.swift; path = WhoIsCloseView.swift; sourceTree = "<group>"; };
		E3CE77BC2790EBBD00EEFA6E /* MenuView.swift */ = {isa = PBXFileReference; lastKnownFileType = sourcecode.swift; path = MenuView.swift; sourceTree = "<group>"; };
		E3CE77C12790FEFC00EEFA6E /* SetUpPhoneNumberView.swift */ = {isa = PBXFileReference; lastKnownFileType = sourcecode.swift; path = SetUpPhoneNumberView.swift; sourceTree = "<group>"; };
		E3CE77C62791038A00EEFA6E /* PhoneVerificationView.swift */ = {isa = PBXFileReference; lastKnownFileType = sourcecode.swift; path = PhoneVerificationView.swift; sourceTree = "<group>"; };
		E3CE77C92791110F00EEFA6E /* SetUpNameView.swift */ = {isa = PBXFileReference; lastKnownFileType = sourcecode.swift; path = SetUpNameView.swift; sourceTree = "<group>"; };
		E3D56C2A27B2EB29005213B6 /* SwiftUI+HexColors.swift */ = {isa = PBXFileReference; fileEncoding = 4; lastKnownFileType = sourcecode.swift; path = "SwiftUI+HexColors.swift"; sourceTree = "<group>"; };
		E3D56C2C27B2EB38005213B6 /* String+Digits.swift */ = {isa = PBXFileReference; fileEncoding = 4; lastKnownFileType = sourcecode.swift; path = "String+Digits.swift"; sourceTree = "<group>"; };
		E3D56C2E27B2EC09005213B6 /* Contacts.swift */ = {isa = PBXFileReference; fileEncoding = 4; lastKnownFileType = sourcecode.swift; path = Contacts.swift; sourceTree = "<group>"; };
		E3D56C3027B2EC1A005213B6 /* ContactsViewModel.swift */ = {isa = PBXFileReference; fileEncoding = 4; lastKnownFileType = sourcecode.swift; path = ContactsViewModel.swift; sourceTree = "<group>"; };
		E3D56C3227B2EC25005213B6 /* AddFriends.swift */ = {isa = PBXFileReference; fileEncoding = 4; lastKnownFileType = sourcecode.swift; path = AddFriends.swift; sourceTree = "<group>"; };
/* End PBXFileReference section */

/* Begin PBXFrameworksBuildPhase section */
		E348EB4227866774009CA251 /* Frameworks */ = {
			isa = PBXFrameworksBuildPhase;
			buildActionMask = 2147483647;
			files = (
				9248F44994E6D84491AFB164 /* Pods_FriendSurroundApp.framework in Frameworks */,
				E3CE77C52791009600EEFA6E /* iPhoneNumberField in Frameworks */,
			);
			runOnlyForDeploymentPostprocessing = 0;
		};
/* End PBXFrameworksBuildPhase section */

/* Begin PBXGroup section */
		E3132310454A7BD8ACB385FC /* Frameworks */ = {
			isa = PBXGroup;
			children = (
				CE33E5A7373912CED04ED9E5 /* Pods_FriendSurroundApp.framework */,
			);
			name = Frameworks;
			sourceTree = "<group>";
		};
		E348EB3C27866774009CA251 = {
			isa = PBXGroup;
			children = (
				E348EB4727866774009CA251 /* FriendSurroundApp */,
				E348EB4627866774009CA251 /* Products */,
				E7BF667C7C23D952394AA9A6 /* Pods */,
				E3132310454A7BD8ACB385FC /* Frameworks */,
			);
			sourceTree = "<group>";
		};
		E348EB4627866774009CA251 /* Products */ = {
			isa = PBXGroup;
			children = (
				E348EB4527866774009CA251 /* FriendSurroundApp.app */,
			);
			name = Products;
			sourceTree = "<group>";
		};
		E348EB4727866774009CA251 /* FriendSurroundApp */ = {
			isa = PBXGroup;
			children = (
				E37780EF2787A80C0018A1C5 /* Model */,
				E37780F02787A8150018A1C5 /* Resources */,
				E39C8F99278D539800073C6B /* Utility */,
				E37780F12787A8220018A1C5 /* View */,
				E37780F22787A8280018A1C5 /* ViewModel */,
				E348EB4E27866779009CA251 /* Preview Content */,
			);
			path = FriendSurroundApp;
			sourceTree = "<group>";
		};
		E348EB4E27866779009CA251 /* Preview Content */ = {
			isa = PBXGroup;
			children = (
				E348EB4F27866779009CA251 /* Preview Assets.xcassets */,
			);
			path = "Preview Content";
			sourceTree = "<group>";
		};
		E37780EF2787A80C0018A1C5 /* Model */ = {
			isa = PBXGroup;
			children = (
				E3D56C2E27B2EC09005213B6 /* Contacts.swift */,
				E33CD12C278D37B000D6420A /* FriendList.swift */,
				E33CD12A278D36D600D6420A /* User.swift */,

			);
			path = Model;
			sourceTree = "<group>";
		};
		E37780F02787A8150018A1C5 /* Resources */ = {
			isa = PBXGroup;
			children = (
				E348EB4C27866779009CA251 /* Assets.xcassets */,
			);
			path = Resources;
			sourceTree = "<group>";
		};
		E37780F12787A8220018A1C5 /* View */ = {
			isa = PBXGroup;
			children = (
				E39C8FA1278D595800073C6B /* App */,
				E39C8FA2278D596100073C6B /* Components */,
				E39C8FA0278D594E00073C6B /* Screens */,
			);
			path = View;
			sourceTree = "<group>";
		};
		E37780F22787A8280018A1C5 /* ViewModel */ = {
			isa = PBXGroup;
			children = (
				E3D56C3027B2EC1A005213B6 /* ContactsViewModel.swift */,
				E33CD130278D398E00D6420A /* FriendViewModel.swift */,
				2C8C1E5E27A0A9EB00E79CBA /* ContactsViewModel.swift */,
			);
			path = ViewModel;
			sourceTree = "<group>";
		};
		E39C8F99278D539800073C6B /* Utility */ = {
			isa = PBXGroup;
			children = (
				E39C8F9A278D53D000073C6B /* amongUsPink.png */,
				E358A9FE27A9E6D8006C6184 /* ImagePicker.swift */,
				E3D56C2C27B2EB38005213B6 /* String+Digits.swift */,
				E3D56C2A27B2EB29005213B6 /* SwiftUI+HexColors.swift */,
			);
			path = Utility;
			sourceTree = "<group>";
		};
		E39C8FA0278D594E00073C6B /* Screens */ = {
			isa = PBXGroup;
			children = (
				E3CE77C8279110D100EEFA6E /* SetUp */,
				E3D56C3227B2EC25005213B6 /* AddFriends.swift */,
				E33CD134278D3AF800D6420A /* FriendListView.swift */,
				E39C8F9C278D554E00073C6B /* FriendDetailView.swift */,
				E33334F2279764A7008C3D9A /* InviteFriendView.swift */,
				E348EB4A27866774009CA251 /* LoginView.swift */,
				E3CE77BC2790EBBD00EEFA6E /* MenuView.swift */,
				E3CE77BA2790EAA100EEFA6E /* WhoIsCloseView.swift */,
				E33334F4279775F6008C3D9A /* MyAccountView.swift */,
				2C8C1E5C27A0A9A100E79CBA /* AddFriends.swift */,
			);
			path = Screens;
			sourceTree = "<group>";
		};
		E39C8FA1278D595800073C6B /* App */ = {
			isa = PBXGroup;
			children = (
				E348EB4827866774009CA251 /* FriendSurroundAppApp.swift */,
			);
			path = App;
			sourceTree = "<group>";
		};
		E39C8FA2278D596100073C6B /* Components */ = {
			isa = PBXGroup;
			children = (
				E39C8F9E278D593C00073C6B /* EditableText.swift */,
				E358A9FC27A9BA65006C6184 /* notification.swift */,
			);
			path = Components;
			sourceTree = "<group>";
		};
		E3CE77C8279110D100EEFA6E /* SetUp */ = {
			isa = PBXGroup;
			children = (
				E3CE77C62791038A00EEFA6E /* PhoneVerificationView.swift */,
				E3CE77C12790FEFC00EEFA6E /* SetUpPhoneNumberView.swift */,
				E3CE77C92791110F00EEFA6E /* SetUpNameView.swift */,
				E33334EE27974B3F008C3D9A /* showTermsAndPrivacyPolicyView.swift */,
			);
			path = SetUp;
			sourceTree = "<group>";
		};
		E7BF667C7C23D952394AA9A6 /* Pods */ = {
			isa = PBXGroup;
			children = (
				35F07D51C062DE78A10DC82D /* Pods-FriendSurroundApp.debug.xcconfig */,
				1AE6B08A210C443E66C7A678 /* Pods-FriendSurroundApp.release.xcconfig */,
			);
			path = Pods;
			sourceTree = "<group>";
		};
/* End PBXGroup section */

/* Begin PBXNativeTarget section */
		E348EB4427866774009CA251 /* FriendSurroundApp */ = {
			isa = PBXNativeTarget;
			buildConfigurationList = E348EB5327866779009CA251 /* Build configuration list for PBXNativeTarget "FriendSurroundApp" */;
			buildPhases = (
				749D925F25A07C8EDD64C92C /* [CP] Check Pods Manifest.lock */,
				E348EB4127866774009CA251 /* Sources */,
				E348EB4227866774009CA251 /* Frameworks */,
				E348EB4327866774009CA251 /* Resources */,
				69053F6BE9119FD7F39C52A8 /* [CP] Embed Pods Frameworks */,
			);
			buildRules = (
			);
			dependencies = (
			);
			name = FriendSurroundApp;
			packageProductDependencies = (
				E3CE77C42791009600EEFA6E /* iPhoneNumberField */,
			);
			productName = FriendSurroundApp;
			productReference = E348EB4527866774009CA251 /* FriendSurroundApp.app */;
			productType = "com.apple.product-type.application";
		};
/* End PBXNativeTarget section */

/* Begin PBXProject section */
		E348EB3D27866774009CA251 /* Project object */ = {
			isa = PBXProject;
			attributes = {
				BuildIndependentTargetsInParallel = 1;
				LastSwiftUpdateCheck = 1300;
				LastUpgradeCheck = 1300;
				TargetAttributes = {
					E348EB4427866774009CA251 = {
						CreatedOnToolsVersion = 13.0;
					};
				};
			};
			buildConfigurationList = E348EB4027866774009CA251 /* Build configuration list for PBXProject "FriendSurroundApp" */;
			compatibilityVersion = "Xcode 13.0";
			developmentRegion = en;
			hasScannedForEncodings = 0;
			knownRegions = (
				en,
				Base,
			);
			mainGroup = E348EB3C27866774009CA251;
			packageReferences = (
				E3CE77C32791009600EEFA6E /* XCRemoteSwiftPackageReference "iPhoneNumberField" */,
			);
			productRefGroup = E348EB4627866774009CA251 /* Products */;
			projectDirPath = "";
			projectRoot = "";
			targets = (
				E348EB4427866774009CA251 /* FriendSurroundApp */,
			);
		};
/* End PBXProject section */

/* Begin PBXResourcesBuildPhase section */
		E348EB4327866774009CA251 /* Resources */ = {
			isa = PBXResourcesBuildPhase;
			buildActionMask = 2147483647;
			files = (
				E348EB5027866779009CA251 /* Preview Assets.xcassets in Resources */,
				E39C8F9B278D53D000073C6B /* amongUsPink.png in Resources */,
				E348EB4D27866779009CA251 /* Assets.xcassets in Resources */,
			);
			runOnlyForDeploymentPostprocessing = 0;
		};
/* End PBXResourcesBuildPhase section */

/* Begin PBXShellScriptBuildPhase section */
		69053F6BE9119FD7F39C52A8 /* [CP] Embed Pods Frameworks */ = {
			isa = PBXShellScriptBuildPhase;
			buildActionMask = 2147483647;
			files = (
			);
			inputFileListPaths = (
				"${PODS_ROOT}/Target Support Files/Pods-FriendSurroundApp/Pods-FriendSurroundApp-frameworks-${CONFIGURATION}-input-files.xcfilelist",
			);
			name = "[CP] Embed Pods Frameworks";
			outputFileListPaths = (
				"${PODS_ROOT}/Target Support Files/Pods-FriendSurroundApp/Pods-FriendSurroundApp-frameworks-${CONFIGURATION}-output-files.xcfilelist",
			);
			runOnlyForDeploymentPostprocessing = 0;
			shellPath = /bin/sh;
			shellScript = "\"${PODS_ROOT}/Target Support Files/Pods-FriendSurroundApp/Pods-FriendSurroundApp-frameworks.sh\"\n";
			showEnvVarsInLog = 0;
		};
		749D925F25A07C8EDD64C92C /* [CP] Check Pods Manifest.lock */ = {
			isa = PBXShellScriptBuildPhase;
			buildActionMask = 2147483647;
			files = (
			);
			inputFileListPaths = (
			);
			inputPaths = (
				"${PODS_PODFILE_DIR_PATH}/Podfile.lock",
				"${PODS_ROOT}/Manifest.lock",
			);
			name = "[CP] Check Pods Manifest.lock";
			outputFileListPaths = (
			);
			outputPaths = (
				"$(DERIVED_FILE_DIR)/Pods-FriendSurroundApp-checkManifestLockResult.txt",
			);
			runOnlyForDeploymentPostprocessing = 0;
			shellPath = /bin/sh;
			shellScript = "diff \"${PODS_PODFILE_DIR_PATH}/Podfile.lock\" \"${PODS_ROOT}/Manifest.lock\" > /dev/null\nif [ $? != 0 ] ; then\n    # print error to STDERR\n    echo \"error: The sandbox is not in sync with the Podfile.lock. Run 'pod install' or update your CocoaPods installation.\" >&2\n    exit 1\nfi\n# This output is used by Xcode 'outputs' to avoid re-running this script phase.\necho \"SUCCESS\" > \"${SCRIPT_OUTPUT_FILE_0}\"\n";
			showEnvVarsInLog = 0;
		};
/* End PBXShellScriptBuildPhase section */

/* Begin PBXSourcesBuildPhase section */
		E348EB4127866774009CA251 /* Sources */ = {
			isa = PBXSourcesBuildPhase;
			buildActionMask = 2147483647;
			files = (
				2C8C1E5B27A0A8F700E79CBA /* String+Digits.swift in Sources */,
				2C8C1E5F27A0A9EB00E79CBA /* ContactsViewModel.swift in Sources */,
				E348EB4B27866774009CA251 /* LoginView.swift in Sources */,
				E3CE77C72791038A00EEFA6E /* PhoneVerificationView.swift in Sources */,
				E3D56C3327B2EC25005213B6 /* AddFriends.swift in Sources */,
				E33334EF27974B3F008C3D9A /* showTermsAndPrivacyPolicyView.swift in Sources */,
				E358A9FF27A9E6D8006C6184 /* ImagePicker.swift in Sources */,
				E33334F3279764A7008C3D9A /* InviteFriendView.swift in Sources */,
				E3CE77CA2791110F00EEFA6E /* SetUpNameView.swift in Sources */,
				E33CD131278D398E00D6420A /* FriendViewModel.swift in Sources */,
				E358A9FD27A9BA65006C6184 /* notification.swift in Sources */,
				E33CD135278D3AF800D6420A /* FriendListView.swift in Sources */,
				2C8C1E6127A0B68C00E79CBA /* SwiftUI+HexColors.swift in Sources */,
				E3CE77BB2790EAA100EEFA6E /* WhoIsCloseView.swift in Sources */,
				E348EB4927866774009CA251 /* FriendSurroundAppApp.swift in Sources */,
				E3CE77BD2790EBBD00EEFA6E /* MenuView.swift in Sources */,
				2C8C1E5927A0A83B00E79CBA /* Contacts.swift in Sources */,
				E39C8F9F278D593C00073C6B /* EditableText.swift in Sources */,
				E3CE77C22790FEFC00EEFA6E /* SetUpPhoneNumberView.swift in Sources */,
				E33334F5279775F7008C3D9A /* MyAccountView.swift in Sources */,
				E3D56C2B27B2EB29005213B6 /* SwiftUI+HexColors.swift in Sources */,
				E3D56C2D27B2EB38005213B6 /* String+Digits.swift in Sources */,
				E33CD12B278D36D700D6420A /* User.swift in Sources */,
				E33CD12D278D37B000D6420A /* FriendList.swift in Sources */,
				E3D56C3127B2EC1A005213B6 /* ContactsViewModel.swift in Sources */,
				E39C8F9D278D554F00073C6B /* FriendDetailView.swift in Sources */,
				E3D56C2F27B2EC09005213B6 /* Contacts.swift in Sources */,
				2C8C1E5D27A0A9A100E79CBA /* AddFriends.swift in Sources */,
			);
			runOnlyForDeploymentPostprocessing = 0;
		};
/* End PBXSourcesBuildPhase section */

/* Begin XCBuildConfiguration section */
		E348EB5127866779009CA251 /* Debug */ = {
			isa = XCBuildConfiguration;
			buildSettings = {
				ALWAYS_SEARCH_USER_PATHS = NO;
				CLANG_ANALYZER_NONNULL = YES;
				CLANG_ANALYZER_NUMBER_OBJECT_CONVERSION = YES_AGGRESSIVE;
				CLANG_CXX_LANGUAGE_STANDARD = "gnu++17";
				CLANG_CXX_LIBRARY = "libc++";
				CLANG_ENABLE_MODULES = YES;
				CLANG_ENABLE_OBJC_ARC = YES;
				CLANG_ENABLE_OBJC_WEAK = YES;
				CLANG_WARN_BLOCK_CAPTURE_AUTORELEASING = YES;
				CLANG_WARN_BOOL_CONVERSION = YES;
				CLANG_WARN_COMMA = YES;
				CLANG_WARN_CONSTANT_CONVERSION = YES;
				CLANG_WARN_DEPRECATED_OBJC_IMPLEMENTATIONS = YES;
				CLANG_WARN_DIRECT_OBJC_ISA_USAGE = YES_ERROR;
				CLANG_WARN_DOCUMENTATION_COMMENTS = YES;
				CLANG_WARN_EMPTY_BODY = YES;
				CLANG_WARN_ENUM_CONVERSION = YES;
				CLANG_WARN_INFINITE_RECURSION = YES;
				CLANG_WARN_INT_CONVERSION = YES;
				CLANG_WARN_NON_LITERAL_NULL_CONVERSION = YES;
				CLANG_WARN_OBJC_IMPLICIT_RETAIN_SELF = YES;
				CLANG_WARN_OBJC_LITERAL_CONVERSION = YES;
				CLANG_WARN_OBJC_ROOT_CLASS = YES_ERROR;
				CLANG_WARN_QUOTED_INCLUDE_IN_FRAMEWORK_HEADER = YES;
				CLANG_WARN_RANGE_LOOP_ANALYSIS = YES;
				CLANG_WARN_STRICT_PROTOTYPES = YES;
				CLANG_WARN_SUSPICIOUS_MOVE = YES;
				CLANG_WARN_UNGUARDED_AVAILABILITY = YES_AGGRESSIVE;
				CLANG_WARN_UNREACHABLE_CODE = YES;
				CLANG_WARN__DUPLICATE_METHOD_MATCH = YES;
				COPY_PHASE_STRIP = NO;
				DEBUG_INFORMATION_FORMAT = dwarf;
				ENABLE_STRICT_OBJC_MSGSEND = YES;
				ENABLE_TESTABILITY = YES;
				GCC_C_LANGUAGE_STANDARD = gnu11;
				GCC_DYNAMIC_NO_PIC = NO;
				GCC_NO_COMMON_BLOCKS = YES;
				GCC_OPTIMIZATION_LEVEL = 0;
				GCC_PREPROCESSOR_DEFINITIONS = (
					"DEBUG=1",
					"$(inherited)",
				);
				GCC_WARN_64_TO_32_BIT_CONVERSION = YES;
				GCC_WARN_ABOUT_RETURN_TYPE = YES_ERROR;
				GCC_WARN_UNDECLARED_SELECTOR = YES;
				GCC_WARN_UNINITIALIZED_AUTOS = YES_AGGRESSIVE;
				GCC_WARN_UNUSED_FUNCTION = YES;
				GCC_WARN_UNUSED_VARIABLE = YES;
				IPHONEOS_DEPLOYMENT_TARGET = 15.0;
				MTL_ENABLE_DEBUG_INFO = INCLUDE_SOURCE;
				MTL_FAST_MATH = YES;
				ONLY_ACTIVE_ARCH = YES;
				SDKROOT = iphoneos;
				SWIFT_ACTIVE_COMPILATION_CONDITIONS = DEBUG;
				SWIFT_OPTIMIZATION_LEVEL = "-Onone";
			};
			name = Debug;
		};
		E348EB5227866779009CA251 /* Release */ = {
			isa = XCBuildConfiguration;
			buildSettings = {
				ALWAYS_SEARCH_USER_PATHS = NO;
				CLANG_ANALYZER_NONNULL = YES;
				CLANG_ANALYZER_NUMBER_OBJECT_CONVERSION = YES_AGGRESSIVE;
				CLANG_CXX_LANGUAGE_STANDARD = "gnu++17";
				CLANG_CXX_LIBRARY = "libc++";
				CLANG_ENABLE_MODULES = YES;
				CLANG_ENABLE_OBJC_ARC = YES;
				CLANG_ENABLE_OBJC_WEAK = YES;
				CLANG_WARN_BLOCK_CAPTURE_AUTORELEASING = YES;
				CLANG_WARN_BOOL_CONVERSION = YES;
				CLANG_WARN_COMMA = YES;
				CLANG_WARN_CONSTANT_CONVERSION = YES;
				CLANG_WARN_DEPRECATED_OBJC_IMPLEMENTATIONS = YES;
				CLANG_WARN_DIRECT_OBJC_ISA_USAGE = YES_ERROR;
				CLANG_WARN_DOCUMENTATION_COMMENTS = YES;
				CLANG_WARN_EMPTY_BODY = YES;
				CLANG_WARN_ENUM_CONVERSION = YES;
				CLANG_WARN_INFINITE_RECURSION = YES;
				CLANG_WARN_INT_CONVERSION = YES;
				CLANG_WARN_NON_LITERAL_NULL_CONVERSION = YES;
				CLANG_WARN_OBJC_IMPLICIT_RETAIN_SELF = YES;
				CLANG_WARN_OBJC_LITERAL_CONVERSION = YES;
				CLANG_WARN_OBJC_ROOT_CLASS = YES_ERROR;
				CLANG_WARN_QUOTED_INCLUDE_IN_FRAMEWORK_HEADER = YES;
				CLANG_WARN_RANGE_LOOP_ANALYSIS = YES;
				CLANG_WARN_STRICT_PROTOTYPES = YES;
				CLANG_WARN_SUSPICIOUS_MOVE = YES;
				CLANG_WARN_UNGUARDED_AVAILABILITY = YES_AGGRESSIVE;
				CLANG_WARN_UNREACHABLE_CODE = YES;
				CLANG_WARN__DUPLICATE_METHOD_MATCH = YES;
				COPY_PHASE_STRIP = NO;
				DEBUG_INFORMATION_FORMAT = "dwarf-with-dsym";
				ENABLE_NS_ASSERTIONS = NO;
				ENABLE_STRICT_OBJC_MSGSEND = YES;
				GCC_C_LANGUAGE_STANDARD = gnu11;
				GCC_NO_COMMON_BLOCKS = YES;
				GCC_WARN_64_TO_32_BIT_CONVERSION = YES;
				GCC_WARN_ABOUT_RETURN_TYPE = YES_ERROR;
				GCC_WARN_UNDECLARED_SELECTOR = YES;
				GCC_WARN_UNINITIALIZED_AUTOS = YES_AGGRESSIVE;
				GCC_WARN_UNUSED_FUNCTION = YES;
				GCC_WARN_UNUSED_VARIABLE = YES;
				IPHONEOS_DEPLOYMENT_TARGET = 15.0;
				MTL_ENABLE_DEBUG_INFO = NO;
				MTL_FAST_MATH = YES;
				SDKROOT = iphoneos;
				SWIFT_COMPILATION_MODE = wholemodule;
				SWIFT_OPTIMIZATION_LEVEL = "-O";
				VALIDATE_PRODUCT = YES;
			};
			name = Release;
		};
		E348EB5427866779009CA251 /* Debug */ = {
			isa = XCBuildConfiguration;
			baseConfigurationReference = 35F07D51C062DE78A10DC82D /* Pods-FriendSurroundApp.debug.xcconfig */;
			buildSettings = {
				ASSETCATALOG_COMPILER_APPICON_NAME = AppIcon;
				ASSETCATALOG_COMPILER_GLOBAL_ACCENT_COLOR_NAME = AccentColor;
				CODE_SIGN_STYLE = Automatic;
				CURRENT_PROJECT_VERSION = 1;
				DEVELOPMENT_ASSET_PATHS = "\"FriendSurroundApp/Preview Content\"";
				ENABLE_PREVIEWS = YES;
				GENERATE_INFOPLIST_FILE = YES;
				INFOPLIST_KEY_NSContactsUsageDescription = "Allow contact access";
				INFOPLIST_KEY_UIApplicationSceneManifest_Generation = YES;
				INFOPLIST_KEY_UIApplicationSupportsIndirectInputEvents = YES;
				INFOPLIST_KEY_UILaunchScreen_Generation = YES;
				INFOPLIST_KEY_UISupportedInterfaceOrientations_iPad = "UIInterfaceOrientationPortrait UIInterfaceOrientationPortraitUpsideDown UIInterfaceOrientationLandscapeLeft UIInterfaceOrientationLandscapeRight";
				INFOPLIST_KEY_UISupportedInterfaceOrientations_iPhone = "UIInterfaceOrientationPortrait UIInterfaceOrientationLandscapeLeft UIInterfaceOrientationLandscapeRight";
				IPHONEOS_DEPLOYMENT_TARGET = 15.0;
				LD_RUNPATH_SEARCH_PATHS = (
					"$(inherited)",
					"@executable_path/Frameworks",
				);
				MARKETING_VERSION = 1.0;
				PRODUCT_BUNDLE_IDENTIFIER = cpp.FriendSurroundApp;
				PRODUCT_NAME = "$(TARGET_NAME)";
				SWIFT_EMIT_LOC_STRINGS = YES;
				SWIFT_VERSION = 5.0;
				TARGETED_DEVICE_FAMILY = "1,2";
			};
			name = Debug;
		};
		E348EB5527866779009CA251 /* Release */ = {
			isa = XCBuildConfiguration;
			baseConfigurationReference = 1AE6B08A210C443E66C7A678 /* Pods-FriendSurroundApp.release.xcconfig */;
			buildSettings = {
				ASSETCATALOG_COMPILER_APPICON_NAME = AppIcon;
				ASSETCATALOG_COMPILER_GLOBAL_ACCENT_COLOR_NAME = AccentColor;
				CODE_SIGN_STYLE = Automatic;
				CURRENT_PROJECT_VERSION = 1;
				DEVELOPMENT_ASSET_PATHS = "\"FriendSurroundApp/Preview Content\"";
				ENABLE_PREVIEWS = YES;
				GENERATE_INFOPLIST_FILE = YES;
				INFOPLIST_KEY_NSContactsUsageDescription = "Allow contact access";
				INFOPLIST_KEY_UIApplicationSceneManifest_Generation = YES;
				INFOPLIST_KEY_UIApplicationSupportsIndirectInputEvents = YES;
				INFOPLIST_KEY_UILaunchScreen_Generation = YES;
				INFOPLIST_KEY_UISupportedInterfaceOrientations_iPad = "UIInterfaceOrientationPortrait UIInterfaceOrientationPortraitUpsideDown UIInterfaceOrientationLandscapeLeft UIInterfaceOrientationLandscapeRight";
				INFOPLIST_KEY_UISupportedInterfaceOrientations_iPhone = "UIInterfaceOrientationPortrait UIInterfaceOrientationLandscapeLeft UIInterfaceOrientationLandscapeRight";
				IPHONEOS_DEPLOYMENT_TARGET = 15.0;
				LD_RUNPATH_SEARCH_PATHS = (
					"$(inherited)",
					"@executable_path/Frameworks",
				);
				MARKETING_VERSION = 1.0;
				PRODUCT_BUNDLE_IDENTIFIER = cpp.FriendSurroundApp;
				PRODUCT_NAME = "$(TARGET_NAME)";
				SWIFT_EMIT_LOC_STRINGS = YES;
				SWIFT_VERSION = 5.0;
				TARGETED_DEVICE_FAMILY = "1,2";
			};
			name = Release;
		};
/* End XCBuildConfiguration section */

/* Begin XCConfigurationList section */
		E348EB4027866774009CA251 /* Build configuration list for PBXProject "FriendSurroundApp" */ = {
			isa = XCConfigurationList;
			buildConfigurations = (
				E348EB5127866779009CA251 /* Debug */,
				E348EB5227866779009CA251 /* Release */,
			);
			defaultConfigurationIsVisible = 0;
			defaultConfigurationName = Release;
		};
		E348EB5327866779009CA251 /* Build configuration list for PBXNativeTarget "FriendSurroundApp" */ = {
			isa = XCConfigurationList;
			buildConfigurations = (
				E348EB5427866779009CA251 /* Debug */,
				E348EB5527866779009CA251 /* Release */,
			);
			defaultConfigurationIsVisible = 0;
			defaultConfigurationName = Release;
		};
/* End XCConfigurationList section */

/* Begin XCRemoteSwiftPackageReference section */
		E3CE77C32791009600EEFA6E /* XCRemoteSwiftPackageReference "iPhoneNumberField" */ = {
			isa = XCRemoteSwiftPackageReference;
			repositoryURL = "https://github.com/MojtabaHs/iPhoneNumberField";
			requirement = {
				kind = upToNextMajorVersion;
				minimumVersion = 0.6.1;
			};
		};
/* End XCRemoteSwiftPackageReference section */

/* Begin XCSwiftPackageProductDependency section */
		E3CE77C42791009600EEFA6E /* iPhoneNumberField */ = {
			isa = XCSwiftPackageProductDependency;
			package = E3CE77C32791009600EEFA6E /* XCRemoteSwiftPackageReference "iPhoneNumberField" */;
			productName = iPhoneNumberField;
		};
/* End XCSwiftPackageProductDependency section */
	};
	rootObject = E348EB3D27866774009CA251 /* Project object */;
}
